// !$*UTF8*$!
{
	archiveVersion = 1;
	classes = {
	};
	objectVersion = 56;
	objects = {

/* Begin PBXBuildFile section */
		EA370B4B2C002F1B005C6643 /* UIApp.swift in Sources */ = {isa = PBXBuildFile; fileRef = EA370B4A2C002F1B005C6643 /* UIApp.swift */; };
		EA370B4D2C002F1B005C6643 /* ContentView.swift in Sources */ = {isa = PBXBuildFile; fileRef = EA370B4C2C002F1B005C6643 /* ContentView.swift */; };
		EA370B4F2C002F1D005C6643 /* Assets.xcassets in Resources */ = {isa = PBXBuildFile; fileRef = EA370B4E2C002F1D005C6643 /* Assets.xcassets */; };
		EA370B522C002F1D005C6643 /* Preview Assets.xcassets in Resources */ = {isa = PBXBuildFile; fileRef = EA370B512C002F1D005C6643 /* Preview Assets.xcassets */; };
		EA370B5D2C002F1D005C6643 /* UITests.swift in Sources */ = {isa = PBXBuildFile; fileRef = EA370B5C2C002F1D005C6643 /* UITests.swift */; };
		EA370B672C002F1D005C6643 /* UIUITests.swift in Sources */ = {isa = PBXBuildFile; fileRef = EA370B662C002F1D005C6643 /* UIUITests.swift */; };
		EA370B692C002F1D005C6643 /* UIUITestsLaunchTests.swift in Sources */ = {isa = PBXBuildFile; fileRef = EA370B682C002F1D005C6643 /* UIUITestsLaunchTests.swift */; };
		EA370B762C002F48005C6643 /* AuthenticationView.swift in Sources */ = {isa = PBXBuildFile; fileRef = EA370B752C002F48005C6643 /* AuthenticationView.swift */; };
		EA370B7A2C002FB3005C6643 /* PasswordListView.swift in Sources */ = {isa = PBXBuildFile; fileRef = EA370B792C002FB3005C6643 /* PasswordListView.swift */; };
		EA370B7C2C002FD9005C6643 /* EntryRow.swift in Sources */ = {isa = PBXBuildFile; fileRef = EA370B7B2C002FD9005C6643 /* EntryRow.swift */; };
		EA370B7E2C002FF7005C6643 /* SearchTextField.swift in Sources */ = {isa = PBXBuildFile; fileRef = EA370B7D2C002FF7005C6643 /* SearchTextField.swift */; };
		EA370B802C003022005C6643 /* PasswordEntry.swift in Sources */ = {isa = PBXBuildFile; fileRef = EA370B7F2C003022005C6643 /* PasswordEntry.swift */; };
/* End PBXBuildFile section */

/* Begin PBXContainerItemProxy section */
		EA370B592C002F1D005C6643 /* PBXContainerItemProxy */ = {
			isa = PBXContainerItemProxy;
			containerPortal = EA370B3F2C002F1B005C6643 /* Project object */;
			proxyType = 1;
			remoteGlobalIDString = EA370B462C002F1B005C6643;
			remoteInfo = UI;
		};
		EA370B632C002F1D005C6643 /* PBXContainerItemProxy */ = {
			isa = PBXContainerItemProxy;
			containerPortal = EA370B3F2C002F1B005C6643 /* Project object */;
			proxyType = 1;
			remoteGlobalIDString = EA370B462C002F1B005C6643;
			remoteInfo = UI;
		};
/* End PBXContainerItemProxy section */

/* Begin PBXFileReference section */
		EA370B472C002F1B005C6643 /* UI.app */ = {isa = PBXFileReference; explicitFileType = wrapper.application; includeInIndex = 0; path = UI.app; sourceTree = BUILT_PRODUCTS_DIR; };
		EA370B4A2C002F1B005C6643 /* UIApp.swift */ = {isa = PBXFileReference; lastKnownFileType = sourcecode.swift; path = UIApp.swift; sourceTree = "<group>"; };
		EA370B4C2C002F1B005C6643 /* ContentView.swift */ = {isa = PBXFileReference; lastKnownFileType = sourcecode.swift; path = ContentView.swift; sourceTree = "<group>"; };
		EA370B4E2C002F1D005C6643 /* Assets.xcassets */ = {isa = PBXFileReference; lastKnownFileType = folder.assetcatalog; path = Assets.xcassets; sourceTree = "<group>"; };
		EA370B512C002F1D005C6643 /* Preview Assets.xcassets */ = {isa = PBXFileReference; lastKnownFileType = folder.assetcatalog; path = "Preview Assets.xcassets"; sourceTree = "<group>"; };
		EA370B532C002F1D005C6643 /* UI.entitlements */ = {isa = PBXFileReference; lastKnownFileType = text.plist.entitlements; path = UI.entitlements; sourceTree = "<group>"; };
		EA370B582C002F1D005C6643 /* UITests.xctest */ = {isa = PBXFileReference; explicitFileType = wrapper.cfbundle; includeInIndex = 0; path = UITests.xctest; sourceTree = BUILT_PRODUCTS_DIR; };
		EA370B5C2C002F1D005C6643 /* UITests.swift */ = {isa = PBXFileReference; lastKnownFileType = sourcecode.swift; path = UITests.swift; sourceTree = "<group>"; };
		EA370B622C002F1D005C6643 /* UIUITests.xctest */ = {isa = PBXFileReference; explicitFileType = wrapper.cfbundle; includeInIndex = 0; path = UIUITests.xctest; sourceTree = BUILT_PRODUCTS_DIR; };
		EA370B662C002F1D005C6643 /* UIUITests.swift */ = {isa = PBXFileReference; lastKnownFileType = sourcecode.swift; path = UIUITests.swift; sourceTree = "<group>"; };
		EA370B682C002F1D005C6643 /* UIUITestsLaunchTests.swift */ = {isa = PBXFileReference; lastKnownFileType = sourcecode.swift; path = UIUITestsLaunchTests.swift; sourceTree = "<group>"; };
		EA370B752C002F48005C6643 /* AuthenticationView.swift */ = {isa = PBXFileReference; lastKnownFileType = sourcecode.swift; path = AuthenticationView.swift; sourceTree = "<group>"; };
		EA370B792C002FB3005C6643 /* PasswordListView.swift */ = {isa = PBXFileReference; lastKnownFileType = sourcecode.swift; path = PasswordListView.swift; sourceTree = "<group>"; };
		EA370B7B2C002FD9005C6643 /* EntryRow.swift */ = {isa = PBXFileReference; lastKnownFileType = sourcecode.swift; path = EntryRow.swift; sourceTree = "<group>"; };
		EA370B7D2C002FF7005C6643 /* SearchTextField.swift */ = {isa = PBXFileReference; lastKnownFileType = sourcecode.swift; path = SearchTextField.swift; sourceTree = "<group>"; };
		EA370B7F2C003022005C6643 /* PasswordEntry.swift */ = {isa = PBXFileReference; lastKnownFileType = sourcecode.swift; path = PasswordEntry.swift; sourceTree = "<group>"; };
/* End PBXFileReference section */

/* Begin PBXFrameworksBuildPhase section */
		EA370B442C002F1B005C6643 /* Frameworks */ = {
			isa = PBXFrameworksBuildPhase;
			buildActionMask = 2147483647;
			files = (
			);
			runOnlyForDeploymentPostprocessing = 0;
		};
		EA370B552C002F1D005C6643 /* Frameworks */ = {
			isa = PBXFrameworksBuildPhase;
			buildActionMask = 2147483647;
			files = (
			);
			runOnlyForDeploymentPostprocessing = 0;
		};
		EA370B5F2C002F1D005C6643 /* Frameworks */ = {
			isa = PBXFrameworksBuildPhase;
			buildActionMask = 2147483647;
			files = (
			);
			runOnlyForDeploymentPostprocessing = 0;
		};
/* End PBXFrameworksBuildPhase section */

/* Begin PBXGroup section */
		EA370B3E2C002F1B005C6643 = {
			isa = PBXGroup;
			children = (
				EA370B492C002F1B005C6643 /* UI */,
				EA370B5B2C002F1D005C6643 /* UITests */,
				EA370B652C002F1D005C6643 /* UIUITests */,
				EA370B482C002F1B005C6643 /* Products */,
			);
			sourceTree = "<group>";
		};
		EA370B482C002F1B005C6643 /* Products */ = {
			isa = PBXGroup;
			children = (
				EA370B472C002F1B005C6643 /* UI.app */,
				EA370B582C002F1D005C6643 /* UITests.xctest */,
				EA370B622C002F1D005C6643 /* UIUITests.xctest */,
			);
			name = Products;
			sourceTree = "<group>";
		};
		EA370B492C002F1B005C6643 /* UI */ = {
			isa = PBXGroup;
			children = (
				EA370B4A2C002F1B005C6643 /* UIApp.swift */,
				EA370B4C2C002F1B005C6643 /* ContentView.swift */,
				EA370B4E2C002F1D005C6643 /* Assets.xcassets */,
				EA370B532C002F1D005C6643 /* UI.entitlements */,
				EA370B502C002F1D005C6643 /* Preview Content */,
				EA370B752C002F48005C6643 /* AuthenticationView.swift */,
				EA370B792C002FB3005C6643 /* PasswordListView.swift */,
				EA370B7B2C002FD9005C6643 /* EntryRow.swift */,
				EA370B7D2C002FF7005C6643 /* SearchTextField.swift */,
				EA370B7F2C003022005C6643 /* PasswordEntry.swift */,
			);
			path = UI;
			sourceTree = "<group>";
		};
		EA370B502C002F1D005C6643 /* Preview Content */ = {
			isa = PBXGroup;
			children = (
				EA370B512C002F1D005C6643 /* Preview Assets.xcassets */,
			);
			path = "Preview Content";
			sourceTree = "<group>";
		};
		EA370B5B2C002F1D005C6643 /* UITests */ = {
			isa = PBXGroup;
			children = (
				EA370B5C2C002F1D005C6643 /* UITests.swift */,
			);
			path = UITests;
			sourceTree = "<group>";
		};
		EA370B652C002F1D005C6643 /* UIUITests */ = {
			isa = PBXGroup;
			children = (
				EA370B662C002F1D005C6643 /* UIUITests.swift */,
				EA370B682C002F1D005C6643 /* UIUITestsLaunchTests.swift */,
			);
			path = UIUITests;
			sourceTree = "<group>";
		};
/* End PBXGroup section */

/* Begin PBXNativeTarget section */
		EA370B462C002F1B005C6643 /* UI */ = {
			isa = PBXNativeTarget;
			buildConfigurationList = EA370B6C2C002F1D005C6643 /* Build configuration list for PBXNativeTarget "UI" */;
			buildPhases = (
				EA370B432C002F1B005C6643 /* Sources */,
				EA370B442C002F1B005C6643 /* Frameworks */,
				EA370B452C002F1B005C6643 /* Resources */,
			);
			buildRules = (
			);
			dependencies = (
			);
			name = UI;
			productName = UI;
			productReference = EA370B472C002F1B005C6643 /* UI.app */;
			productType = "com.apple.product-type.application";
		};
		EA370B572C002F1D005C6643 /* UITests */ = {
			isa = PBXNativeTarget;
			buildConfigurationList = EA370B6F2C002F1D005C6643 /* Build configuration list for PBXNativeTarget "UITests" */;
			buildPhases = (
				EA370B542C002F1D005C6643 /* Sources */,
				EA370B552C002F1D005C6643 /* Frameworks */,
				EA370B562C002F1D005C6643 /* Resources */,
			);
			buildRules = (
			);
			dependencies = (
				EA370B5A2C002F1D005C6643 /* PBXTargetDependency */,
			);
			name = UITests;
			productName = UITests;
			productReference = EA370B582C002F1D005C6643 /* UITests.xctest */;
			productType = "com.apple.product-type.bundle.unit-test";
		};
		EA370B612C002F1D005C6643 /* UIUITests */ = {
			isa = PBXNativeTarget;
			buildConfigurationList = EA370B722C002F1D005C6643 /* Build configuration list for PBXNativeTarget "UIUITests" */;
			buildPhases = (
				EA370B5E2C002F1D005C6643 /* Sources */,
				EA370B5F2C002F1D005C6643 /* Frameworks */,
				EA370B602C002F1D005C6643 /* Resources */,
			);
			buildRules = (
			);
			dependencies = (
				EA370B642C002F1D005C6643 /* PBXTargetDependency */,
			);
			name = UIUITests;
			productName = UIUITests;
			productReference = EA370B622C002F1D005C6643 /* UIUITests.xctest */;
			productType = "com.apple.product-type.bundle.ui-testing";
		};
/* End PBXNativeTarget section */

/* Begin PBXProject section */
		EA370B3F2C002F1B005C6643 /* Project object */ = {
			isa = PBXProject;
			attributes = {
				BuildIndependentTargetsInParallel = 1;
				LastSwiftUpdateCheck = 1420;
				LastUpgradeCheck = 1420;
				TargetAttributes = {
					EA370B462C002F1B005C6643 = {
						CreatedOnToolsVersion = 14.2;
					};
					EA370B572C002F1D005C6643 = {
						CreatedOnToolsVersion = 14.2;
						TestTargetID = EA370B462C002F1B005C6643;
					};
					EA370B612C002F1D005C6643 = {
						CreatedOnToolsVersion = 14.2;
						TestTargetID = EA370B462C002F1B005C6643;
					};
				};
			};
			buildConfigurationList = EA370B422C002F1B005C6643 /* Build configuration list for PBXProject "UI" */;
			compatibilityVersion = "Xcode 14.0";
			developmentRegion = en;
			hasScannedForEncodings = 0;
			knownRegions = (
				en,
				Base,
			);
			mainGroup = EA370B3E2C002F1B005C6643;
			productRefGroup = EA370B482C002F1B005C6643 /* Products */;
			projectDirPath = "";
			projectRoot = "";
			targets = (
				EA370B462C002F1B005C6643 /* UI */,
				EA370B572C002F1D005C6643 /* UITests */,
				EA370B612C002F1D005C6643 /* UIUITests */,
			);
		};
/* End PBXProject section */

/* Begin PBXResourcesBuildPhase section */
		EA370B452C002F1B005C6643 /* Resources */ = {
			isa = PBXResourcesBuildPhase;
			buildActionMask = 2147483647;
			files = (
				EA370B522C002F1D005C6643 /* Preview Assets.xcassets in Resources */,
				EA370B4F2C002F1D005C6643 /* Assets.xcassets in Resources */,
			);
			runOnlyForDeploymentPostprocessing = 0;
		};
		EA370B562C002F1D005C6643 /* Resources */ = {
			isa = PBXResourcesBuildPhase;
			buildActionMask = 2147483647;
			files = (
			);
			runOnlyForDeploymentPostprocessing = 0;
		};
		EA370B602C002F1D005C6643 /* Resources */ = {
			isa = PBXResourcesBuildPhase;
			buildActionMask = 2147483647;
			files = (
			);
			runOnlyForDeploymentPostprocessing = 0;
		};
/* End PBXResourcesBuildPhase section */

/* Begin PBXSourcesBuildPhase section */
		EA370B432C002F1B005C6643 /* Sources */ = {
			isa = PBXSourcesBuildPhase;
			buildActionMask = 2147483647;
			files = (
				EA370B802C003022005C6643 /* PasswordEntry.swift in Sources */,
				EA370B4D2C002F1B005C6643 /* ContentView.swift in Sources */,
				EA370B4B2C002F1B005C6643 /* UIApp.swift in Sources */,
				EA370B762C002F48005C6643 /* AuthenticationView.swift in Sources */,
				EA370B7C2C002FD9005C6643 /* EntryRow.swift in Sources */,
				EA370B7A2C002FB3005C6643 /* PasswordListView.swift in Sources */,
				EA370B7E2C002FF7005C6643 /* SearchTextField.swift in Sources */,
			);
			runOnlyForDeploymentPostprocessing = 0;
		};
		EA370B542C002F1D005C6643 /* Sources */ = {
			isa = PBXSourcesBuildPhase;
			buildActionMask = 2147483647;
			files = (
				EA370B5D2C002F1D005C6643 /* UITests.swift in Sources */,
			);
			runOnlyForDeploymentPostprocessing = 0;
		};
		EA370B5E2C002F1D005C6643 /* Sources */ = {
			isa = PBXSourcesBuildPhase;
			buildActionMask = 2147483647;
			files = (
				EA370B692C002F1D005C6643 /* UIUITestsLaunchTests.swift in Sources */,
				EA370B672C002F1D005C6643 /* UIUITests.swift in Sources */,
			);
			runOnlyForDeploymentPostprocessing = 0;
		};
/* End PBXSourcesBuildPhase section */

/* Begin PBXTargetDependency section */
		EA370B5A2C002F1D005C6643 /* PBXTargetDependency */ = {
			isa = PBXTargetDependency;
			target = EA370B462C002F1B005C6643 /* UI */;
			targetProxy = EA370B592C002F1D005C6643 /* PBXContainerItemProxy */;
		};
		EA370B642C002F1D005C6643 /* PBXTargetDependency */ = {
			isa = PBXTargetDependency;
			target = EA370B462C002F1B005C6643 /* UI */;
			targetProxy = EA370B632C002F1D005C6643 /* PBXContainerItemProxy */;
		};
/* End PBXTargetDependency section */

/* Begin XCBuildConfiguration section */
		EA370B6A2C002F1D005C6643 /* Debug */ = {
			isa = XCBuildConfiguration;
			buildSettings = {
				ALWAYS_SEARCH_USER_PATHS = NO;
				CLANG_ANALYZER_NONNULL = YES;
				CLANG_ANALYZER_NUMBER_OBJECT_CONVERSION = YES_AGGRESSIVE;
				CLANG_CXX_LANGUAGE_STANDARD = "gnu++20";
				CLANG_ENABLE_MODULES = YES;
				CLANG_ENABLE_OBJC_ARC = YES;
				CLANG_ENABLE_OBJC_WEAK = YES;
				CLANG_WARN_BLOCK_CAPTURE_AUTORELEASING = YES;
				CLANG_WARN_BOOL_CONVERSION = YES;
				CLANG_WARN_COMMA = YES;
				CLANG_WARN_CONSTANT_CONVERSION = YES;
				CLANG_WARN_DEPRECATED_OBJC_IMPLEMENTATIONS = YES;
				CLANG_WARN_DIRECT_OBJC_ISA_USAGE = YES_ERROR;
				CLANG_WARN_DOCUMENTATION_COMMENTS = YES;
				CLANG_WARN_EMPTY_BODY = YES;
				CLANG_WARN_ENUM_CONVERSION = YES;
				CLANG_WARN_INFINITE_RECURSION = YES;
				CLANG_WARN_INT_CONVERSION = YES;
				CLANG_WARN_NON_LITERAL_NULL_CONVERSION = YES;
				CLANG_WARN_OBJC_IMPLICIT_RETAIN_SELF = YES;
				CLANG_WARN_OBJC_LITERAL_CONVERSION = YES;
				CLANG_WARN_OBJC_ROOT_CLASS = YES_ERROR;
				CLANG_WARN_QUOTED_INCLUDE_IN_FRAMEWORK_HEADER = YES;
				CLANG_WARN_RANGE_LOOP_ANALYSIS = YES;
				CLANG_WARN_STRICT_PROTOTYPES = YES;
				CLANG_WARN_SUSPICIOUS_MOVE = YES;
				CLANG_WARN_UNGUARDED_AVAILABILITY = YES_AGGRESSIVE;
				CLANG_WARN_UNREACHABLE_CODE = YES;
				CLANG_WARN__DUPLICATE_METHOD_MATCH = YES;
				COPY_PHASE_STRIP = NO;
				DEBUG_INFORMATION_FORMAT = dwarf;
				ENABLE_STRICT_OBJC_MSGSEND = YES;
				ENABLE_TESTABILITY = YES;
				GCC_C_LANGUAGE_STANDARD = gnu11;
				GCC_DYNAMIC_NO_PIC = NO;
				GCC_NO_COMMON_BLOCKS = YES;
				GCC_OPTIMIZATION_LEVEL = 0;
				GCC_PREPROCESSOR_DEFINITIONS = (
					"DEBUG=1",
					"$(inherited)",
				);
				GCC_WARN_64_TO_32_BIT_CONVERSION = YES;
				GCC_WARN_ABOUT_RETURN_TYPE = YES_ERROR;
				GCC_WARN_UNDECLARED_SELECTOR = YES;
				GCC_WARN_UNINITIALIZED_AUTOS = YES_AGGRESSIVE;
				GCC_WARN_UNUSED_FUNCTION = YES;
				GCC_WARN_UNUSED_VARIABLE = YES;
				MACOSX_DEPLOYMENT_TARGET = 13.1;
				MTL_ENABLE_DEBUG_INFO = INCLUDE_SOURCE;
				MTL_FAST_MATH = YES;
				ONLY_ACTIVE_ARCH = YES;
				SDKROOT = macosx;
				SWIFT_ACTIVE_COMPILATION_CONDITIONS = DEBUG;
				SWIFT_OPTIMIZATION_LEVEL = "-Onone";
			};
			name = Debug;
		};
		EA370B6B2C002F1D005C6643 /* Release */ = {
			isa = XCBuildConfiguration;
			buildSettings = {
				ALWAYS_SEARCH_USER_PATHS = NO;
				CLANG_ANALYZER_NONNULL = YES;
				CLANG_ANALYZER_NUMBER_OBJECT_CONVERSION = YES_AGGRESSIVE;
				CLANG_CXX_LANGUAGE_STANDARD = "gnu++20";
				CLANG_ENABLE_MODULES = YES;
				CLANG_ENABLE_OBJC_ARC = YES;
				CLANG_ENABLE_OBJC_WEAK = YES;
				CLANG_WARN_BLOCK_CAPTURE_AUTORELEASING = YES;
				CLANG_WARN_BOOL_CONVERSION = YES;
				CLANG_WARN_COMMA = YES;
				CLANG_WARN_CONSTANT_CONVERSION = YES;
				CLANG_WARN_DEPRECATED_OBJC_IMPLEMENTATIONS = YES;
				CLANG_WARN_DIRECT_OBJC_ISA_USAGE = YES_ERROR;
				CLANG_WARN_DOCUMENTATION_COMMENTS = YES;
				CLANG_WARN_EMPTY_BODY = YES;
				CLANG_WARN_ENUM_CONVERSION = YES;
				CLANG_WARN_INFINITE_RECURSION = YES;
				CLANG_WARN_INT_CONVERSION = YES;
				CLANG_WARN_NON_LITERAL_NULL_CONVERSION = YES;
				CLANG_WARN_OBJC_IMPLICIT_RETAIN_SELF = YES;
				CLANG_WARN_OBJC_LITERAL_CONVERSION = YES;
				CLANG_WARN_OBJC_ROOT_CLASS = YES_ERROR;
				CLANG_WARN_QUOTED_INCLUDE_IN_FRAMEWORK_HEADER = YES;
				CLANG_WARN_RANGE_LOOP_ANALYSIS = YES;
				CLANG_WARN_STRICT_PROTOTYPES = YES;
				CLANG_WARN_SUSPICIOUS_MOVE = YES;
				CLANG_WARN_UNGUARDED_AVAILABILITY = YES_AGGRESSIVE;
				CLANG_WARN_UNREACHABLE_CODE = YES;
				CLANG_WARN__DUPLICATE_METHOD_MATCH = YES;
				COPY_PHASE_STRIP = NO;
				DEBUG_INFORMATION_FORMAT = "dwarf-with-dsym";
				ENABLE_NS_ASSERTIONS = NO;
				ENABLE_STRICT_OBJC_MSGSEND = YES;
				GCC_C_LANGUAGE_STANDARD = gnu11;
				GCC_NO_COMMON_BLOCKS = YES;
				GCC_WARN_64_TO_32_BIT_CONVERSION = YES;
				GCC_WARN_ABOUT_RETURN_TYPE = YES_ERROR;
				GCC_WARN_UNDECLARED_SELECTOR = YES;
				GCC_WARN_UNINITIALIZED_AUTOS = YES_AGGRESSIVE;
				GCC_WARN_UNUSED_FUNCTION = YES;
				GCC_WARN_UNUSED_VARIABLE = YES;
				MACOSX_DEPLOYMENT_TARGET = 13.1;
				MTL_ENABLE_DEBUG_INFO = NO;
				MTL_FAST_MATH = YES;
				SDKROOT = macosx;
				SWIFT_COMPILATION_MODE = wholemodule;
				SWIFT_OPTIMIZATION_LEVEL = "-O";
			};
			name = Release;
		};
		EA370B6D2C002F1D005C6643 /* Debug */ = {
			isa = XCBuildConfiguration;
			buildSettings = {
				ASSETCATALOG_COMPILER_APPICON_NAME = AppIcon;
				ASSETCATALOG_COMPILER_GLOBAL_ACCENT_COLOR_NAME = AccentColor;
				CODE_SIGN_ENTITLEMENTS = UI/UI.entitlements;
				CODE_SIGN_STYLE = Automatic;
				COMBINE_HIDPI_IMAGES = YES;
				CURRENT_PROJECT_VERSION = 1;
				DEVELOPMENT_ASSET_PATHS = "\"UI/Preview Content\"";
				ENABLE_PREVIEWS = YES;
				GENERATE_INFOPLIST_FILE = YES;
				INFOPLIST_KEY_NSHumanReadableCopyright = "";
				LD_RUNPATH_SEARCH_PATHS = (
					"$(inherited)",
					"@executable_path/../Frameworks",
				);
				MARKETING_VERSION = 1.0;
				PRODUCT_BUNDLE_IDENTIFIER = Vault.UI;
				PRODUCT_NAME = "$(TARGET_NAME)";
				SWIFT_EMIT_LOC_STRINGS = YES;
				SWIFT_VERSION = 5.0;
			};
			name = Debug;
		};
		EA370B6E2C002F1D005C6643 /* Release */ = {
			isa = XCBuildConfiguration;
			buildSettings = {
				ASSETCATALOG_COMPILER_APPICON_NAME = AppIcon;
				ASSETCATALOG_COMPILER_GLOBAL_ACCENT_COLOR_NAME = AccentColor;
				CODE_SIGN_ENTITLEMENTS = UI/UI.entitlements;
				CODE_SIGN_STYLE = Automatic;
				COMBINE_HIDPI_IMAGES = YES;
				CURRENT_PROJECT_VERSION = 1;
				DEVELOPMENT_ASSET_PATHS = "\"UI/Preview Content\"";
				ENABLE_PREVIEWS = YES;
				GENERATE_INFOPLIST_FILE = YES;
				INFOPLIST_KEY_NSHumanReadableCopyright = "";
				LD_RUNPATH_SEARCH_PATHS = (
					"$(inherited)",
					"@executable_path/../Frameworks",
				);
				MARKETING_VERSION = 1.0;
				PRODUCT_BUNDLE_IDENTIFIER = Vault.UI;
				PRODUCT_NAME = "$(TARGET_NAME)";
				SWIFT_EMIT_LOC_STRINGS = YES;
				SWIFT_VERSION = 5.0;
			};
			name = Release;
		};
		EA370B702C002F1D005C6643 /* Debug */ = {
			isa = XCBuildConfiguration;
			buildSettings = {
				ALWAYS_EMBED_SWIFT_STANDARD_LIBRARIES = YES;
				BUNDLE_LOADER = "$(TEST_HOST)";
				CODE_SIGN_STYLE = Automatic;
				CURRENT_PROJECT_VERSION = 1;
				GENERATE_INFOPLIST_FILE = YES;
				MACOSX_DEPLOYMENT_TARGET = 13.1;
				MARKETING_VERSION = 1.0;
				PRODUCT_BUNDLE_IDENTIFIER = Vault.UITests;
				PRODUCT_NAME = "$(TARGET_NAME)";
				SWIFT_EMIT_LOC_STRINGS = NO;
				SWIFT_VERSION = 5.0;
				TEST_HOST = "$(BUILT_PRODUCTS_DIR)/UI.app/$(BUNDLE_EXECUTABLE_FOLDER_PATH)/UI";
			};
			name = Debug;
		};
		EA370B712C002F1D005C6643 /* Release */ = {
			isa = XCBuildConfiguration;
			buildSettings = {
				ALWAYS_EMBED_SWIFT_STANDARD_LIBRARIES = YES;
				BUNDLE_LOADER = "$(TEST_HOST)";
				CODE_SIGN_STYLE = Automatic;
				CURRENT_PROJECT_VERSION = 1;
				GENERATE_INFOPLIST_FILE = YES;
				MACOSX_DEPLOYMENT_TARGET = 13.1;
				MARKETING_VERSION = 1.0;
				PRODUCT_BUNDLE_IDENTIFIER = Vault.UITests;
				PRODUCT_NAME = "$(TARGET_NAME)";
				SWIFT_EMIT_LOC_STRINGS = NO;
				SWIFT_VERSION = 5.0;
				TEST_HOST = "$(BUILT_PRODUCTS_DIR)/UI.app/$(BUNDLE_EXECUTABLE_FOLDER_PATH)/UI";
			};
			name = Release;
		};
		EA370B732C002F1D005C6643 /* Debug */ = {
			isa = XCBuildConfiguration;
			buildSettings = {
				ALWAYS_EMBED_SWIFT_STANDARD_LIBRARIES = YES;
				CODE_SIGN_STYLE = Automatic;
				CURRENT_PROJECT_VERSION = 1;
				GENERATE_INFOPLIST_FILE = YES;
				MARKETING_VERSION = 1.0;
				PRODUCT_BUNDLE_IDENTIFIER = Vault.UIUITests;
				PRODUCT_NAME = "$(TARGET_NAME)";
				SWIFT_EMIT_LOC_STRINGS = NO;
				SWIFT_VERSION = 5.0;
				TEST_TARGET_NAME = UI;
			};
			name = Debug;
		};
		EA370B742C002F1D005C6643 /* Release */ = {
			isa = XCBuildConfiguration;
			buildSettings = {
				ALWAYS_EMBED_SWIFT_STANDARD_LIBRARIES = YES;
				CODE_SIGN_STYLE = Automatic;
				CURRENT_PROJECT_VERSION = 1;
				GENERATE_INFOPLIST_FILE = YES;
				MARKETING_VERSION = 1.0;
				PRODUCT_BUNDLE_IDENTIFIER = Vault.UIUITests;
				PRODUCT_NAME = "$(TARGET_NAME)";
				SWIFT_EMIT_LOC_STRINGS = NO;
				SWIFT_VERSION = 5.0;
				TEST_TARGET_NAME = UI;
			};
			name = Release;
		};
/* End XCBuildConfiguration section */

/* Begin XCConfigurationList section */
		EA370B422C002F1B005C6643 /* Build configuration list for PBXProject "UI" */ = {
			isa = XCConfigurationList;
			buildConfigurations = (
				EA370B6A2C002F1D005C6643 /* Debug */,
				EA370B6B2C002F1D005C6643 /* Release */,
			);
			defaultConfigurationIsVisible = 0;
			defaultConfigurationName = Release;
		};
		EA370B6C2C002F1D005C6643 /* Build configuration list for PBXNativeTarget "UI" */ = {
			isa = XCConfigurationList;
			buildConfigurations = (
				EA370B6D2C002F1D005C6643 /* Debug */,
				EA370B6E2C002F1D005C6643 /* Release */,
			);
			defaultConfigurationIsVisible = 0;
			defaultConfigurationName = Release;
		};
		EA370B6F2C002F1D005C6643 /* Build configuration list for PBXNativeTarget "UITests" */ = {
			isa = XCConfigurationList;
			buildConfigurations = (
				EA370B702C002F1D005C6643 /* Debug */,
				EA370B712C002F1D005C6643 /* Release */,
			);
			defaultConfigurationIsVisible = 0;
			defaultConfigurationName = Release;
		};
		EA370B722C002F1D005C6643 /* Build configuration list for PBXNativeTarget "UIUITests" */ = {
			isa = XCConfigurationList;
			buildConfigurations = (
				EA370B732C002F1D005C6643 /* Debug */,
				EA370B742C002F1D005C6643 /* Release */,
			);
			defaultConfigurationIsVisible = 0;
			defaultConfigurationName = Release;
		};
/* End XCConfigurationList section */
	};
	rootObject = EA370B3F2C002F1B005C6643 /* Project object */;
}
